{
  "name": "BlockChainAndWeb3",
  "lockfileVersion": 3,
  "requires": true,
  "packages": {
    "": {
      "dependencies": {
        "@noble/ed25519": "^2.1.0"
      }
    },
    "node_modules/@noble/ed25519": {
      "version": "2.1.0",
      "resolved": "https://registry.npmjs.org/@noble/ed25519/-/ed25519-2.1.0.tgz",
      "integrity": "sha512-KM4qTyXPinyCgMzeYJH/UudpdL+paJXtY3CHtHYZQtBkS8MZoPr4rOikZllIutJe0d06QDQKisyn02gxZ8TcQA==",
      "funding": {
        "url": "https://paulmillr.com/funding/"
      }
    }
  }
}
